
Microsoft Visual Studio Solution File, Format Version 12.00
# Visual Studio Version 17
VisualStudioVersion = 17.13.35825.156 d17.13
MinimumVisualStudioVersion = 10.0.40219.1
Project("{FAE04EC0-301F-11D3-BF4B-00C04F79EFBC}") = "Automation", "Automation.csproj", "{12E0C7CE-B2EB-49BD-B2D9-77C3752F3F04}"
EndProject
Global
	GlobalSection(SolutionConfigurationPlatforms) = preSolution
		Debug|Any CPU = Debug|Any CPU
		Release|Any CPU = Release|Any CPU
	EndGlobalSection
	GlobalSection(ProjectConfigurationPlatforms) = postSolution
		{12E0C7CE-B2EB-49BD-B2D9-77C3752F3F04}.Debug|Any CPU.ActiveCfg = Debug|Any CPU
		{12E0C7CE-B2EB-49BD-B2D9-77C3752F3F04}.Debug|Any CPU.Build.0 = Debug|Any CPU
		{12E0C7CE-B2EB-49BD-B2D9-77C3752F3F04}.Release|Any CPU.ActiveCfg = Release|Any CPU
		{12E0C7CE-B2EB-49BD-B2D9-77C3752F3F04}.Release|Any CPU.Build.0 = Release|Any CPU
	EndGlobalSection
	GlobalSection(SolutionProperties) = preSolution
		HideSolutionNode = FALSE
	EndGlobalSection
	GlobalSection(ExtensibilityGlobals) = postSolution
		SolutionGuid = {6BA1F1DC-FE21-4F25-AF92-E69B1B4FD598}
	EndGlobalSection
EndGlobal
